
Microsoft Visual Studio Solution File, Format Version 12.00
Project("{FAE04EC0-301F-11D3-BF4B-00C04F79EFBC}") = "aoc", "aoc\aoc.csproj", "{E1A3F3A4-E780-4C81-BB42-7996CF35DAA0}"
EndProject
Global
	GlobalSection(SolutionConfigurationPlatforms) = preSolution
		Debug|Any CPU = Debug|Any CPU
		Release|Any CPU = Release|Any CPU
	EndGlobalSection
	GlobalSection(ProjectConfigurationPlatforms) = postSolution
		{E1A3F3A4-E780-4C81-BB42-7996CF35DAA0}.Debug|Any CPU.ActiveCfg = Debug|Any CPU
		{E1A3F3A4-E780-4C81-BB42-7996CF35DAA0}.Debug|Any CPU.Build.0 = Debug|Any CPU
		{E1A3F3A4-E780-4C81-BB42-7996CF35DAA0}.Release|Any CPU.ActiveCfg = Release|Any CPU
		{E1A3F3A4-E780-4C81-BB42-7996CF35DAA0}.Release|Any CPU.Build.0 = Release|Any CPU
	EndGlobalSection
EndGlobal
